
Microsoft Visual Studio Solution File, Format Version 12.00
# Visual Studio Version 17
VisualStudioVersion = 17.4.33213.308
MinimumVisualStudioVersion = 10.0.40219.1
Project("{9A19103F-16F7-4668-BE54-9A1E7A4F7556}") = "BusinessObject", "BusinessObject\BusinessObject.csproj", "{C9861307-2426-4C8E-9277-4742FA85D54F}"
EndProject
Project("{9A19103F-16F7-4668-BE54-9A1E7A4F7556}") = "eStoreAPI", "eStoreAPI\eStoreAPI.csproj", "{DE3EA7A6-4115-4137-B882-78D1314C1610}"
EndProject
Project("{9A19103F-16F7-4668-BE54-9A1E7A4F7556}") = "DataAccess", "DataAccess\DataAccess.csproj", "{4A7FBC9C-85CE-4107-A584-3D4B70BAB177}"
EndProject
Project("{FAE04EC0-301F-11D3-BF4B-00C04F79EFBC}") = "eStore", "eStore\eStore.csproj", "{5903A565-7AF3-41EB-803C-8ABD102C35E6}"
EndProject
Global
	GlobalSection(SolutionConfigurationPlatforms) = preSolution
		Debug|Any CPU = Debug|Any CPU
		Release|Any CPU = Release|Any CPU
	EndGlobalSection
	GlobalSection(ProjectConfigurationPlatforms) = postSolution
		{C9861307-2426-4C8E-9277-4742FA85D54F}.Debug|Any CPU.ActiveCfg = Debug|Any CPU
		{C9861307-2426-4C8E-9277-4742FA85D54F}.Debug|Any CPU.Build.0 = Debug|Any CPU
		{C9861307-2426-4C8E-9277-4742FA85D54F}.Release|Any CPU.ActiveCfg = Release|Any CPU
		{C9861307-2426-4C8E-9277-4742FA85D54F}.Release|Any CPU.Build.0 = Release|Any CPU
		{DE3EA7A6-4115-4137-B882-78D1314C1610}.Debug|Any CPU.ActiveCfg = Debug|Any CPU
		{DE3EA7A6-4115-4137-B882-78D1314C1610}.Debug|Any CPU.Build.0 = Debug|Any CPU
		{DE3EA7A6-4115-4137-B882-78D1314C1610}.Release|Any CPU.ActiveCfg = Release|Any CPU
		{DE3EA7A6-4115-4137-B882-78D1314C1610}.Release|Any CPU.Build.0 = Release|Any CPU
		{4A7FBC9C-85CE-4107-A584-3D4B70BAB177}.Debug|Any CPU.ActiveCfg = Debug|Any CPU
		{4A7FBC9C-85CE-4107-A584-3D4B70BAB177}.Debug|Any CPU.Build.0 = Debug|Any CPU
		{4A7FBC9C-85CE-4107-A584-3D4B70BAB177}.Release|Any CPU.ActiveCfg = Release|Any CPU
		{4A7FBC9C-85CE-4107-A584-3D4B70BAB177}.Release|Any CPU.Build.0 = Release|Any CPU
		{5903A565-7AF3-41EB-803C-8ABD102C35E6}.Debug|Any CPU.ActiveCfg = Debug|Any CPU
		{5903A565-7AF3-41EB-803C-8ABD102C35E6}.Debug|Any CPU.Build.0 = Debug|Any CPU
		{5903A565-7AF3-41EB-803C-8ABD102C35E6}.Release|Any CPU.ActiveCfg = Release|Any CPU
		{5903A565-7AF3-41EB-803C-8ABD102C35E6}.Release|Any CPU.Build.0 = Release|Any CPU
	EndGlobalSection
	GlobalSection(SolutionProperties) = preSolution
		HideSolutionNode = FALSE
	EndGlobalSection
	GlobalSection(ExtensibilityGlobals) = postSolution
		SolutionGuid = {5F0915F3-00AB-4D05-8F33-43EDFE32FA9B}
	EndGlobalSection
EndGlobal
